{
  "originHash" : "c94527873158e86bc6d0c03f4843b3dbd65a857c8bb10ad4c32eee35f206c714",
  "pins" : [
    {
      "identity" : "purchases-ios",
      "kind" : "remoteSourceControl",
      "location" : "https://github.com/RevenueCat/purchases-ios",
      "state" : {
        "revision" : "84e860c081dc48bda81d5a51514f43218b2f4bf1",
        "version" : "5.22.1"
      }
    },
    {
      "identity" : "realm-core",
      "kind" : "remoteSourceControl",
      "location" : "https://github.com/realm/realm-core.git",
      "state" : {
        "revision" : "85eeca41654cc9070ad81a21a4b1d153ad467c33",
        "version" : "14.13.1"
      }
    },
    {
      "identity" : "realm-swift",
      "kind" : "remoteSourceControl",
      "location" : "https://github.com/realm/realm-swift",
      "state" : {
        "branch" : "master",
        "revision" : "1f09fb14dd9d275b5686016fe8508d491b87cb0b"
      }
    },
    {
      "identity" : "swiftmath",
      "kind" : "remoteSourceControl",
      "location" : "https://github.com/mgriebling/SwiftMath.git",
      "state" : {
        "revision" : "606f9be66db6afe0c41c3b064723a57061723db7",
        "version" : "1.7.1"
      }
    }
  ],
  "version" : 3
}
